// !$*UTF8*$!
{
	archiveVersion = 1;
	classes = {
	};
	objectVersion = 77;
	objects = {

/* Begin PBXContainerItemProxy section */
		B840C3292DE6F22600DAF215 /* PBXContainerItemProxy */ = {
			isa = PBXContainerItemProxy;
			containerPortal = B840C3132DE6F22500DAF215 /* Project object */;
			proxyType = 1;
			remoteGlobalIDString = B840C31A2DE6F22500DAF215;
			remoteInfo = "openline-itemlist";
		};
		B840C3332DE6F22600DAF215 /* PBXContainerItemProxy */ = {
			isa = PBXContainerItemProxy;
			containerPortal = B840C3132DE6F22500DAF215 /* Project object */;
			proxyType = 1;
			remoteGlobalIDString = B840C31A2DE6F22500DAF215;
			remoteInfo = "openline-itemlist";
		};
/* End PBXContainerItemProxy section */

/* Begin PBXFileReference section */
		B840C31B2DE6F22500DAF215 /* openline-itemlist.app */ = {isa = PBXFileReference; explicitFileType = wrapper.application; includeInIndex = 0; path = "openline-itemlist.app"; sourceTree = BUILT_PRODUCTS_DIR; };
		B840C3282DE6F22600DAF215 /* openline-itemlistTests.xctest */ = {isa = PBXFileReference; explicitFileType = wrapper.cfbundle; includeInIndex = 0; path = "openline-itemlistTests.xctest"; sourceTree = BUILT_PRODUCTS_DIR; };
		B840C3322DE6F22600DAF215 /* openline-itemlistUITests.xctest */ = {isa = PBXFileReference; explicitFileType = wrapper.cfbundle; includeInIndex = 0; path = "openline-itemlistUITests.xctest"; sourceTree = BUILT_PRODUCTS_DIR; };
/* End PBXFileReference section */

/* Begin PBXFileSystemSynchronizedRootGroup section */
		B840C31D2DE6F22500DAF215 /* openline-itemlist */ = {
			isa = PBXFileSystemSynchronizedRootGroup;
			path = "openline-itemlist";
			sourceTree = "<group>";
		};
		B840C32B2DE6F22600DAF215 /* openline-itemlistTests */ = {
			isa = PBXFileSystemSynchronizedRootGroup;
			path = "openline-itemlistTests";
			sourceTree = "<group>";
		};
		B840C3352DE6F22600DAF215 /* openline-itemlistUITests */ = {
			isa = PBXFileSystemSynchronizedRootGroup;
			path = "openline-itemlistUITests";
			sourceTree = "<group>";
		};
/* End PBXFileSystemSynchronizedRootGroup section */

/* Begin PBXFrameworksBuildPhase section */
		B840C3182DE6F22500DAF215 /* Frameworks */ = {
			isa = PBXFrameworksBuildPhase;
			buildActionMask = 2147483647;
			files = (
			);
			runOnlyForDeploymentPostprocessing = 0;
		};
		B840C3252DE6F22600DAF215 /* Frameworks */ = {
			isa = PBXFrameworksBuildPhase;
			buildActionMask = 2147483647;
			files = (
			);
			runOnlyForDeploymentPostprocessing = 0;
		};
		B840C32F2DE6F22600DAF215 /* Frameworks */ = {
			isa = PBXFrameworksBuildPhase;
			buildActionMask = 2147483647;
			files = (
			);
			runOnlyForDeploymentPostprocessing = 0;
		};
/* End PBXFrameworksBuildPhase section */

/* Begin PBXGroup section */
		B840C3122DE6F22500DAF215 = {
			isa = PBXGroup;
			children = (
				B840C31D2DE6F22500DAF215 /* openline-itemlist */,
				B840C32B2DE6F22600DAF215 /* openline-itemlistTests */,
				B840C3352DE6F22600DAF215 /* openline-itemlistUITests */,
				B840C31C2DE6F22500DAF215 /* Products */,
			);
			sourceTree = "<group>";
		};
		B840C31C2DE6F22500DAF215 /* Products */ = {
			isa = PBXGroup;
			children = (
				B840C31B2DE6F22500DAF215 /* openline-itemlist.app */,
				B840C3282DE6F22600DAF215 /* openline-itemlistTests.xctest */,
				B840C3322DE6F22600DAF215 /* openline-itemlistUITests.xctest */,
			);
			name = Products;
			sourceTree = "<group>";
		};
/* End PBXGroup section */

/* Begin PBXNativeTarget section */
		B840C31A2DE6F22500DAF215 /* openline-itemlist */ = {
			isa = PBXNativeTarget;
			buildConfigurationList = B840C33C2DE6F22600DAF215 /* Build configuration list for PBXNativeTarget "openline-itemlist" */;
			buildPhases = (
				B840C3172DE6F22500DAF215 /* Sources */,
				B840C3182DE6F22500DAF215 /* Frameworks */,
				B840C3192DE6F22500DAF215 /* Resources */,
			);
			buildRules = (
			);
			dependencies = (
			);
			fileSystemSynchronizedGroups = (
				B840C31D2DE6F22500DAF215 /* openline-itemlist */,
			);
			name = "openline-itemlist";
			packageProductDependencies = (
			);
			productName = "openline-itemlist";
			productReference = B840C31B2DE6F22500DAF215 /* openline-itemlist.app */;
			productType = "com.apple.product-type.application";
		};
		B840C3272DE6F22600DAF215 /* openline-itemlistTests */ = {
			isa = PBXNativeTarget;
			buildConfigurationList = B840C33F2DE6F22600DAF215 /* Build configuration list for PBXNativeTarget "openline-itemlistTests" */;
			buildPhases = (
				B840C3242DE6F22600DAF215 /* Sources */,
				B840C3252DE6F22600DAF215 /* Frameworks */,
				B840C3262DE6F22600DAF215 /* Resources */,
			);
			buildRules = (
			);
			dependencies = (
				B840C32A2DE6F22600DAF215 /* PBXTargetDependency */,
			);
			fileSystemSynchronizedGroups = (
				B840C32B2DE6F22600DAF215 /* openline-itemlistTests */,
			);
			name = "openline-itemlistTests";
			packageProductDependencies = (
			);
			productName = "openline-itemlistTests";
			productReference = B840C3282DE6F22600DAF215 /* openline-itemlistTests.xctest */;
			productType = "com.apple.product-type.bundle.unit-test";
		};
		B840C3312DE6F22600DAF215 /* openline-itemlistUITests */ = {
			isa = PBXNativeTarget;
			buildConfigurationList = B840C3422DE6F22600DAF215 /* Build configuration list for PBXNativeTarget "openline-itemlistUITests" */;
			buildPhases = (
				B840C32E2DE6F22600DAF215 /* Sources */,
				B840C32F2DE6F22600DAF215 /* Frameworks */,
				B840C3302DE6F22600DAF215 /* Resources */,
			);
			buildRules = (
			);
			dependencies = (
				B840C3342DE6F22600DAF215 /* PBXTargetDependency */,
			);
			fileSystemSynchronizedGroups = (
				B840C3352DE6F22600DAF215 /* openline-itemlistUITests */,
			);
			name = "openline-itemlistUITests";
			packageProductDependencies = (
			);
			productName = "openline-itemlistUITests";
			productReference = B840C3322DE6F22600DAF215 /* openline-itemlistUITests.xctest */;
			productType = "com.apple.product-type.bundle.ui-testing";
		};
/* End PBXNativeTarget section */

/* Begin PBXProject section */
		B840C3132DE6F22500DAF215 /* Project object */ = {
			isa = PBXProject;
			attributes = {
				BuildIndependentTargetsInParallel = 1;
				LastSwiftUpdateCheck = 1630;
				LastUpgradeCheck = 1630;
				TargetAttributes = {
					B840C31A2DE6F22500DAF215 = {
						CreatedOnToolsVersion = 16.3;
					};
					B840C3272DE6F22600DAF215 = {
						CreatedOnToolsVersion = 16.3;
						TestTargetID = B840C31A2DE6F22500DAF215;
					};
					B840C3312DE6F22600DAF215 = {
						CreatedOnToolsVersion = 16.3;
						TestTargetID = B840C31A2DE6F22500DAF215;
					};
				};
			};
			buildConfigurationList = B840C3162DE6F22500DAF215 /* Build configuration list for PBXProject "openline-itemlist" */;
			developmentRegion = en;
			hasScannedForEncodings = 0;
			knownRegions = (
				en,
				Base,
			);
			mainGroup = B840C3122DE6F22500DAF215;
			minimizedProjectReferenceProxies = 1;
			preferredProjectObjectVersion = 77;
			productRefGroup = B840C31C2DE6F22500DAF215 /* Products */;
			projectDirPath = "";
			projectRoot = "";
			targets = (
				B840C31A2DE6F22500DAF215 /* openline-itemlist */,
				B840C3272DE6F22600DAF215 /* openline-itemlistTests */,
				B840C3312DE6F22600DAF215 /* openline-itemlistUITests */,
			);
		};
/* End PBXProject section */

/* Begin PBXResourcesBuildPhase section */
		B840C3192DE6F22500DAF215 /* Resources */ = {
			isa = PBXResourcesBuildPhase;
			buildActionMask = 2147483647;
			files = (
			);
			runOnlyForDeploymentPostprocessing = 0;
		};
		B840C3262DE6F22600DAF215 /* Resources */ = {
			isa = PBXResourcesBuildPhase;
			buildActionMask = 2147483647;
			files = (
			);
			runOnlyForDeploymentPostprocessing = 0;
		};
		B840C3302DE6F22600DAF215 /* Resources */ = {
			isa = PBXResourcesBuildPhase;
			buildActionMask = 2147483647;
			files = (
			);
			runOnlyForDeploymentPostprocessing = 0;
		};
/* End PBXResourcesBuildPhase section */

/* Begin PBXSourcesBuildPhase section */
		B840C3172DE6F22500DAF215 /* Sources */ = {
			isa = PBXSourcesBuildPhase;
			buildActionMask = 2147483647;
			files = (
			);
			runOnlyForDeploymentPostprocessing = 0;
		};
		B840C3242DE6F22600DAF215 /* Sources */ = {
			isa = PBXSourcesBuildPhase;
			buildActionMask = 2147483647;
			files = (
			);
			runOnlyForDeploymentPostprocessing = 0;
		};
		B840C32E2DE6F22600DAF215 /* Sources */ = {
			isa = PBXSourcesBuildPhase;
			buildActionMask = 2147483647;
			files = (
			);
			runOnlyForDeploymentPostprocessing = 0;
		};
/* End PBXSourcesBuildPhase section */

/* Begin PBXTargetDependency section */
		B840C32A2DE6F22600DAF215 /* PBXTargetDependency */ = {
			isa = PBXTargetDependency;
			target = B840C31A2DE6F22500DAF215 /* openline-itemlist */;
			targetProxy = B840C3292DE6F22600DAF215 /* PBXContainerItemProxy */;
		};
		B840C3342DE6F22600DAF215 /* PBXTargetDependency */ = {
			isa = PBXTargetDependency;
			target = B840C31A2DE6F22500DAF215 /* openline-itemlist */;
			targetProxy = B840C3332DE6F22600DAF215 /* PBXContainerItemProxy */;
		};
/* End PBXTargetDependency section */

/* Begin XCBuildConfiguration section */
		B840C33A2DE6F22600DAF215 /* Debug */ = {
			isa = XCBuildConfiguration;
			buildSettings = {
				ALWAYS_SEARCH_USER_PATHS = NO;
				ASSETCATALOG_COMPILER_GENERATE_SWIFT_ASSET_SYMBOL_EXTENSIONS = YES;
				CLANG_ANALYZER_NONNULL = YES;
				CLANG_ANALYZER_NUMBER_OBJECT_CONVERSION = YES_AGGRESSIVE;
				CLANG_CXX_LANGUAGE_STANDARD = "gnu++20";
				CLANG_ENABLE_MODULES = YES;
				CLANG_ENABLE_OBJC_ARC = YES;
				CLANG_ENABLE_OBJC_WEAK = YES;
				CLANG_WARN_BLOCK_CAPTURE_AUTORELEASING = YES;
				CLANG_WARN_BOOL_CONVERSION = YES;
				CLANG_WARN_COMMA = YES;
				CLANG_WARN_CONSTANT_CONVERSION = YES;
				CLANG_WARN_DEPRECATED_OBJC_IMPLEMENTATIONS = YES;
				CLANG_WARN_DIRECT_OBJC_ISA_USAGE = YES_ERROR;
				CLANG_WARN_DOCUMENTATION_COMMENTS = YES;
				CLANG_WARN_EMPTY_BODY = YES;
				CLANG_WARN_ENUM_CONVERSION = YES;
				CLANG_WARN_INFINITE_RECURSION = YES;
				CLANG_WARN_INT_CONVERSION = YES;
				CLANG_WARN_NON_LITERAL_NULL_CONVERSION = YES;
				CLANG_WARN_OBJC_IMPLICIT_RETAIN_SELF = YES;
				CLANG_WARN_OBJC_LITERAL_CONVERSION = YES;
				CLANG_WARN_OBJC_ROOT_CLASS = YES_ERROR;
				CLANG_WARN_QUOTED_INCLUDE_IN_FRAMEWORK_HEADER = YES;
				CLANG_WARN_RANGE_LOOP_ANALYSIS = YES;
				CLANG_WARN_STRICT_PROTOTYPES = YES;
				CLANG_WARN_SUSPICIOUS_MOVE = YES;
				CLANG_WARN_UNGUARDED_AVAILABILITY = YES_AGGRESSIVE;
				CLANG_WARN_UNREACHABLE_CODE = YES;
				CLANG_WARN__DUPLICATE_METHOD_MATCH = YES;
				COPY_PHASE_STRIP = NO;
				DEBUG_INFORMATION_FORMAT = dwarf;
				DEVELOPMENT_TEAM = 584Z3RA64N;
				ENABLE_STRICT_OBJC_MSGSEND = YES;
				ENABLE_TESTABILITY = YES;
				ENABLE_USER_SCRIPT_SANDBOXING = YES;
				GCC_C_LANGUAGE_STANDARD = gnu17;
				GCC_DYNAMIC_NO_PIC = NO;
				GCC_NO_COMMON_BLOCKS = YES;
				GCC_OPTIMIZATION_LEVEL = 0;
				GCC_PREPROCESSOR_DEFINITIONS = (
					"DEBUG=1",
					"$(inherited)",
				);
				GCC_WARN_64_TO_32_BIT_CONVERSION = YES;
				GCC_WARN_ABOUT_RETURN_TYPE = YES_ERROR;
				GCC_WARN_UNDECLARED_SELECTOR = YES;
				GCC_WARN_UNINITIALIZED_AUTOS = YES_AGGRESSIVE;
				GCC_WARN_UNUSED_FUNCTION = YES;
				GCC_WARN_UNUSED_VARIABLE = YES;
				IPHONEOS_DEPLOYMENT_TARGET = 18.4;
				LOCALIZATION_PREFERS_STRING_CATALOGS = YES;
				MTL_ENABLE_DEBUG_INFO = INCLUDE_SOURCE;
				MTL_FAST_MATH = YES;
				ONLY_ACTIVE_ARCH = YES;
				SDKROOT = iphoneos;
				SWIFT_ACTIVE_COMPILATION_CONDITIONS = "DEBUG $(inherited)";
				SWIFT_OPTIMIZATION_LEVEL = "-Onone";
			};
			name = Debug;
		};
		B840C33B2DE6F22600DAF215 /* Release */ = {
			isa = XCBuildConfiguration;
			buildSettings = {
				ALWAYS_SEARCH_USER_PATHS = NO;
				ASSETCATALOG_COMPILER_GENERATE_SWIFT_ASSET_SYMBOL_EXTENSIONS = YES;
				CLANG_ANALYZER_NONNULL = YES;
				CLANG_ANALYZER_NUMBER_OBJECT_CONVERSION = YES_AGGRESSIVE;
				CLANG_CXX_LANGUAGE_STANDARD = "gnu++20";
				CLANG_ENABLE_MODULES = YES;
				CLANG_ENABLE_OBJC_ARC = YES;
				CLANG_ENABLE_OBJC_WEAK = YES;
				CLANG_WARN_BLOCK_CAPTURE_AUTORELEASING = YES;
				CLANG_WARN_BOOL_CONVERSION = YES;
				CLANG_WARN_COMMA = YES;
				CLANG_WARN_CONSTANT_CONVERSION = YES;
				CLANG_WARN_DEPRECATED_OBJC_IMPLEMENTATIONS = YES;
				CLANG_WARN_DIRECT_OBJC_ISA_USAGE = YES_ERROR;
				CLANG_WARN_DOCUMENTATION_COMMENTS = YES;
				CLANG_WARN_EMPTY_BODY = YES;
				CLANG_WARN_ENUM_CONVERSION = YES;
				CLANG_WARN_INFINITE_RECURSION = YES;
				CLANG_WARN_INT_CONVERSION = YES;
				CLANG_WARN_NON_LITERAL_NULL_CONVERSION = YES;
				CLANG_WARN_OBJC_IMPLICIT_RETAIN_SELF = YES;
				CLANG_WARN_OBJC_LITERAL_CONVERSION = YES;
				CLANG_WARN_OBJC_ROOT_CLASS = YES_ERROR;
				CLANG_WARN_QUOTED_INCLUDE_IN_FRAMEWORK_HEADER = YES;
				CLANG_WARN_RANGE_LOOP_ANALYSIS = YES;
				CLANG_WARN_STRICT_PROTOTYPES = YES;
				CLANG_WARN_SUSPICIOUS_MOVE = YES;
				CLANG_WARN_UNGUARDED_AVAILABILITY = YES_AGGRESSIVE;
				CLANG_WARN_UNREACHABLE_CODE = YES;
				CLANG_WARN__DUPLICATE_METHOD_MATCH = YES;
				COPY_PHASE_STRIP = NO;
				DEBUG_INFORMATION_FORMAT = "dwarf-with-dsym";
				DEVELOPMENT_TEAM = 584Z3RA64N;
				ENABLE_NS_ASSERTIONS = NO;
				ENABLE_STRICT_OBJC_MSGSEND = YES;
				ENABLE_USER_SCRIPT_SANDBOXING = YES;
				GCC_C_LANGUAGE_STANDARD = gnu17;
				GCC_NO_COMMON_BLOCKS = YES;
				GCC_WARN_64_TO_32_BIT_CONVERSION = YES;
				GCC_WARN_ABOUT_RETURN_TYPE = YES_ERROR;
				GCC_WARN_UNDECLARED_SELECTOR = YES;
				GCC_WARN_UNINITIALIZED_AUTOS = YES_AGGRESSIVE;
				GCC_WARN_UNUSED_FUNCTION = YES;
				GCC_WARN_UNUSED_VARIABLE = YES;
				IPHONEOS_DEPLOYMENT_TARGET = 18.4;
				LOCALIZATION_PREFERS_STRING_CATALOGS = YES;
				MTL_ENABLE_DEBUG_INFO = NO;
				MTL_FAST_MATH = YES;
				SDKROOT = iphoneos;
				SWIFT_COMPILATION_MODE = wholemodule;
				VALIDATE_PRODUCT = YES;
			};
			name = Release;
		};
		B840C33D2DE6F22600DAF215 /* Debug */ = {
			isa = XCBuildConfiguration;
			buildSettings = {
				ASSETCATALOG_COMPILER_APPICON_NAME = AppIcon;
				ASSETCATALOG_COMPILER_GLOBAL_ACCENT_COLOR_NAME = AccentColor;
				CODE_SIGN_STYLE = Automatic;
				CURRENT_PROJECT_VERSION = 1;
				DEVELOPMENT_TEAM = 584Z3RA64N;
				ENABLE_PREVIEWS = YES;
				GENERATE_INFOPLIST_FILE = YES;
				INFOPLIST_KEY_UIApplicationSceneManifest_Generation = YES;
				INFOPLIST_KEY_UIApplicationSupportsIndirectInputEvents = YES;
				INFOPLIST_KEY_UILaunchScreen_Generation = YES;
				INFOPLIST_KEY_UISupportedInterfaceOrientations_iPad = "UIInterfaceOrientationPortrait UIInterfaceOrientationPortraitUpsideDown UIInterfaceOrientationLandscapeLeft UIInterfaceOrientationLandscapeRight";
				INFOPLIST_KEY_UISupportedInterfaceOrientations_iPhone = "UIInterfaceOrientationPortrait UIInterfaceOrientationLandscapeLeft UIInterfaceOrientationLandscapeRight";
				LD_RUNPATH_SEARCH_PATHS = (
					"$(inherited)",
					"@executable_path/Frameworks",
				);
				MARKETING_VERSION = 1.0;
				PRODUCT_BUNDLE_IDENTIFIER = "smart-mobile.openline-itemlist";
				PRODUCT_NAME = "$(TARGET_NAME)";
				SWIFT_EMIT_LOC_STRINGS = YES;
				SWIFT_VERSION = 5.0;
				TARGETED_DEVICE_FAMILY = "1,2";
			};
			name = Debug;
		};
		B840C33E2DE6F22600DAF215 /* Release */ = {
			isa = XCBuildConfiguration;
			buildSettings = {
				ASSETCATALOG_COMPILER_APPICON_NAME = AppIcon;
				ASSETCATALOG_COMPILER_GLOBAL_ACCENT_COLOR_NAME = AccentColor;
				CODE_SIGN_STYLE = Automatic;
				CURRENT_PROJECT_VERSION = 1;
				DEVELOPMENT_TEAM = 584Z3RA64N;
				ENABLE_PREVIEWS = YES;
				GENERATE_INFOPLIST_FILE = YES;
				INFOPLIST_KEY_UIApplicationSceneManifest_Generation = YES;
				INFOPLIST_KEY_UIApplicationSupportsIndirectInputEvents = YES;
				INFOPLIST_KEY_UILaunchScreen_Generation = YES;
				INFOPLIST_KEY_UISupportedInterfaceOrientations_iPad = "UIInterfaceOrientationPortrait UIInterfaceOrientationPortraitUpsideDown UIInterfaceOrientationLandscapeLeft UIInterfaceOrientationLandscapeRight";
				INFOPLIST_KEY_UISupportedInterfaceOrientations_iPhone = "UIInterfaceOrientationPortrait UIInterfaceOrientationLandscapeLeft UIInterfaceOrientationLandscapeRight";
				LD_RUNPATH_SEARCH_PATHS = (
					"$(inherited)",
					"@executable_path/Frameworks",
				);
				MARKETING_VERSION = 1.0;
				PRODUCT_BUNDLE_IDENTIFIER = "smart-mobile.openline-itemlist";
				PRODUCT_NAME = "$(TARGET_NAME)";
				SWIFT_EMIT_LOC_STRINGS = YES;
				SWIFT_VERSION = 5.0;
				TARGETED_DEVICE_FAMILY = "1,2";
			};
			name = Release;
		};
		B840C3402DE6F22600DAF215 /* Debug */ = {
			isa = XCBuildConfiguration;
			buildSettings = {
				BUNDLE_LOADER = "$(TEST_HOST)";
				CODE_SIGN_STYLE = Automatic;
				CURRENT_PROJECT_VERSION = 1;
				DEVELOPMENT_TEAM = 584Z3RA64N;
				GENERATE_INFOPLIST_FILE = YES;
				IPHONEOS_DEPLOYMENT_TARGET = 18.4;
				MARKETING_VERSION = 1.0;
				PRODUCT_BUNDLE_IDENTIFIER = "smart-mobile.openline-itemlistTests";
				PRODUCT_NAME = "$(TARGET_NAME)";
				SWIFT_EMIT_LOC_STRINGS = NO;
				SWIFT_VERSION = 5.0;
				TARGETED_DEVICE_FAMILY = "1,2";
				TEST_HOST = "$(BUILT_PRODUCTS_DIR)/openline-itemlist.app/$(BUNDLE_EXECUTABLE_FOLDER_PATH)/openline-itemlist";
			};
			name = Debug;
		};
		B840C3412DE6F22600DAF215 /* Release */ = {
			isa = XCBuildConfiguration;
			buildSettings = {
				BUNDLE_LOADER = "$(TEST_HOST)";
				CODE_SIGN_STYLE = Automatic;
				CURRENT_PROJECT_VERSION = 1;
				DEVELOPMENT_TEAM = 584Z3RA64N;
				GENERATE_INFOPLIST_FILE = YES;
				IPHONEOS_DEPLOYMENT_TARGET = 18.4;
				MARKETING_VERSION = 1.0;
				PRODUCT_BUNDLE_IDENTIFIER = "smart-mobile.openline-itemlistTests";
				PRODUCT_NAME = "$(TARGET_NAME)";
				SWIFT_EMIT_LOC_STRINGS = NO;
				SWIFT_VERSION = 5.0;
				TARGETED_DEVICE_FAMILY = "1,2";
				TEST_HOST = "$(BUILT_PRODUCTS_DIR)/openline-itemlist.app/$(BUNDLE_EXECUTABLE_FOLDER_PATH)/openline-itemlist";
			};
			name = Release;
		};
		B840C3432DE6F22600DAF215 /* Debug */ = {
			isa = XCBuildConfiguration;
			buildSettings = {
				CODE_SIGN_STYLE = Automatic;
				CURRENT_PROJECT_VERSION = 1;
				DEVELOPMENT_TEAM = 584Z3RA64N;
				GENERATE_INFOPLIST_FILE = YES;
				MARKETING_VERSION = 1.0;
				PRODUCT_BUNDLE_IDENTIFIER = "smart-mobile.openline-itemlistUITests";
				PRODUCT_NAME = "$(TARGET_NAME)";
				SWIFT_EMIT_LOC_STRINGS = NO;
				SWIFT_VERSION = 5.0;
				TARGETED_DEVICE_FAMILY = "1,2";
				TEST_TARGET_NAME = "openline-itemlist";
			};
			name = Debug;
		};
		B840C3442DE6F22600DAF215 /* Release */ = {
			isa = XCBuildConfiguration;
			buildSettings = {
				CODE_SIGN_STYLE = Automatic;
				CURRENT_PROJECT_VERSION = 1;
				DEVELOPMENT_TEAM = 584Z3RA64N;
				GENERATE_INFOPLIST_FILE = YES;
				MARKETING_VERSION = 1.0;
				PRODUCT_BUNDLE_IDENTIFIER = "smart-mobile.openline-itemlistUITests";
				PRODUCT_NAME = "$(TARGET_NAME)";
				SWIFT_EMIT_LOC_STRINGS = NO;
				SWIFT_VERSION = 5.0;
				TARGETED_DEVICE_FAMILY = "1,2";
				TEST_TARGET_NAME = "openline-itemlist";
			};
			name = Release;
		};
/* End XCBuildConfiguration section */

/* Begin XCConfigurationList section */
		B840C3162DE6F22500DAF215 /* Build configuration list for PBXProject "openline-itemlist" */ = {
			isa = XCConfigurationList;
			buildConfigurations = (
				B840C33A2DE6F22600DAF215 /* Debug */,
				B840C33B2DE6F22600DAF215 /* Release */,
			);
			defaultConfigurationIsVisible = 0;
			defaultConfigurationName = Release;
		};
		B840C33C2DE6F22600DAF215 /* Build configuration list for PBXNativeTarget "openline-itemlist" */ = {
			isa = XCConfigurationList;
			buildConfigurations = (
				B840C33D2DE6F22600DAF215 /* Debug */,
				B840C33E2DE6F22600DAF215 /* Release */,
			);
			defaultConfigurationIsVisible = 0;
			defaultConfigurationName = Release;
		};
		B840C33F2DE6F22600DAF215 /* Build configuration list for PBXNativeTarget "openline-itemlistTests" */ = {
			isa = XCConfigurationList;
			buildConfigurations = (
				B840C3402DE6F22600DAF215 /* Debug */,
				B840C3412DE6F22600DAF215 /* Release */,
			);
			defaultConfigurationIsVisible = 0;
			defaultConfigurationName = Release;
		};
		B840C3422DE6F22600DAF215 /* Build configuration list for PBXNativeTarget "openline-itemlistUITests" */ = {
			isa = XCConfigurationList;
			buildConfigurations = (
				B840C3432DE6F22600DAF215 /* Debug */,
				B840C3442DE6F22600DAF215 /* Release */,
			);
			defaultConfigurationIsVisible = 0;
			defaultConfigurationName = Release;
		};
/* End XCConfigurationList section */
	};
	rootObject = B840C3132DE6F22500DAF215 /* Project object */;
}
